{
  "name": "next-skill-router",
  "version": "0.1.0",
  "lockfileVersion": 3,
  "requires": true,
  "packages": {
    "": {
      "name": "next-skill-router",
      "version": "0.1.0",
      "license": "MIT",
      "dependencies": {
        "commander": "^12.0.0",
        "minisearch": "^7.0.0",
        "yaml": "^2.5.0"
      },
      "bin": {
        "next-skill-router": "packages/cli/bin/router.mjs"
      },
      "engines": {
        "node": ">=20"
      }
    },
    "node_modules/commander": {
      "version": "12.1.0",
      "resolved": "https://registry.npmjs.org/commander/-/commander-12.1.0.tgz",
      "integrity": "sha512-Vw8qHK3bZM9y/P10u3Vib8o/DdkvA2OtPtZvD871QKjy74Wj1WSKFILMPRPSdUSx5RFK1arlJzEtA4PkFgnbuA==",
      "license": "MIT",
      "engines": {
        "node": ">=18"
      }
    },
    "node_modules/minisearch": {
      "version": "7.2.0",
      "resolved": "https://registry.npmjs.org/minisearch/-/minisearch-7.2.0.tgz",
      "integrity": "sha512-dqT2XBYUOZOiC5t2HRnwADjhNS2cecp9u+TJRiJ1Qp/f5qjkeT5APcGPjHw+bz89Ms8Jp+cG4AlE+QZ/QnDglg==",
      "license": "MIT"
    },
    "node_modules/yaml": {
      "version": "2.9.1",
      "resolved": "https://registry.npmjs.org/yaml/-/yaml-2.9.1.tgz",
      "integrity": "sha512-3NxN8+78OdzbT7C/WjGsyfPAtJaN3FNDsWxv7Y7mcDsT/oOmgW8BpyQQFFBnvZE3j9Y2Sdz1ULFLezL7Eb2yFw==",
      "license": "ISC",
      "bin": {
        "yaml": "bin.mjs"
      },
      "engines": {
        "node": ">= 14.6"
      },
      "funding": {
        "url": "https://github.com/sponsors/eemeli"
      }
    }
  }
}
